
Microsoft Visual Studio Solution File, Format Version 11.00
# Visual Studio 2010
Project("{FAE04EC0-301F-11D3-BF4B-00C04F79EFBC}") = "SpecificationForExample", "SpecificationForExample\SpecificationForExample\SpecificationForExample.csproj", "{73D33E51-5D74-4C3E-9623-6B0F4C02F5E5}"
EndProject
Global
	GlobalSection(SolutionConfigurationPlatforms) = preSolution
		Debug|Any CPU = Debug|Any CPU
		Release|Any CPU = Release|Any CPU
	EndGlobalSection
	GlobalSection(ProjectConfigurationPlatforms) = postSolution
		{73D33E51-5D74-4C3E-9623-6B0F4C02F5E5}.Debug|Any CPU.ActiveCfg = Debug|Any CPU
		{73D33E51-5D74-4C3E-9623-6B0F4C02F5E5}.Debug|Any CPU.Build.0 = Debug|Any CPU
		{73D33E51-5D74-4C3E-9623-6B0F4C02F5E5}.Release|Any CPU.ActiveCfg = Release|Any CPU
		{73D33E51-5D74-4C3E-9623-6B0F4C02F5E5}.Release|Any CPU.Build.0 = Release|Any CPU
	EndGlobalSection
	GlobalSection(SolutionProperties) = preSolution
		HideSolutionNode = FALSE
	EndGlobalSection
EndGlobal
